
Microsoft Visual Studio Solution File, Format Version 12.00
# Visual Studio Version 17
VisualStudioVersion = 17.5.33627.172
MinimumVisualStudioVersion = 10.0.40219.1
Project("{9A19103F-16F7-4668-BE54-9A1E7A4F7556}") = "BoulderHell", "BoulderHell.csproj", "{FBD8B999-5803-4CF5-9006-D9166FB8ACC0}"
EndProject
Global
	GlobalSection(SolutionConfigurationPlatforms) = preSolution
		Debug|Any CPU = Debug|Any CPU
		Release|Any CPU = Release|Any CPU
	EndGlobalSection
	GlobalSection(ProjectConfigurationPlatforms) = postSolution
		{FBD8B999-5803-4CF5-9006-D9166FB8ACC0}.Debug|Any CPU.ActiveCfg = Debug|Any CPU
		{FBD8B999-5803-4CF5-9006-D9166FB8ACC0}.Debug|Any CPU.Build.0 = Debug|Any CPU
		{FBD8B999-5803-4CF5-9006-D9166FB8ACC0}.Release|Any CPU.ActiveCfg = Release|Any CPU
		{FBD8B999-5803-4CF5-9006-D9166FB8ACC0}.Release|Any CPU.Build.0 = Release|Any CPU
	EndGlobalSection
	GlobalSection(SolutionProperties) = preSolution
		HideSolutionNode = FALSE
	EndGlobalSection
	GlobalSection(ExtensibilityGlobals) = postSolution
		SolutionGuid = {3EB82254-EA6B-42E2-967C-CF1E015E9254}
	EndGlobalSection
EndGlobal
